
Microsoft Visual Studio Solution File, Format Version 12.00
# Visual Studio 14
VisualStudioVersion = 14.0.24720.0
MinimumVisualStudioVersion = 10.0.40219.1
Project("{FAE04EC0-301F-11D3-BF4B-00C04F79EFBC}") = "UserModule.App", "UserModule.App\UserModule.App.csproj", "{B00B2E04-4AD2-420F-89D5-7B22133C9D89}"
EndProject
Project("{FAE04EC0-301F-11D3-BF4B-00C04F79EFBC}") = "UserModule.Data", "UserModule.Data\UserModule.Data.csproj", "{E2660568-E810-44E2-9206-2F299D38C0FB}"
EndProject
Project("{FAE04EC0-301F-11D3-BF4B-00C04F79EFBC}") = "UserModule.interfaces", "UserModule.interfaces\UserModule.interfaces.csproj", "{5D0848CB-C879-465D-BC9C-695973D5CBD2}"
EndProject
Global
	GlobalSection(SolutionConfigurationPlatforms) = preSolution
		Debug|Any CPU = Debug|Any CPU
		Release|Any CPU = Release|Any CPU
	EndGlobalSection
	GlobalSection(ProjectConfigurationPlatforms) = postSolution
		{B00B2E04-4AD2-420F-89D5-7B22133C9D89}.Debug|Any CPU.ActiveCfg = Debug|Any CPU
		{B00B2E04-4AD2-420F-89D5-7B22133C9D89}.Debug|Any CPU.Build.0 = Debug|Any CPU
		{B00B2E04-4AD2-420F-89D5-7B22133C9D89}.Release|Any CPU.ActiveCfg = Release|Any CPU
		{B00B2E04-4AD2-420F-89D5-7B22133C9D89}.Release|Any CPU.Build.0 = Release|Any CPU
		{E2660568-E810-44E2-9206-2F299D38C0FB}.Debug|Any CPU.ActiveCfg = Debug|Any CPU
		{E2660568-E810-44E2-9206-2F299D38C0FB}.Debug|Any CPU.Build.0 = Debug|Any CPU
		{E2660568-E810-44E2-9206-2F299D38C0FB}.Release|Any CPU.ActiveCfg = Release|Any CPU
		{E2660568-E810-44E2-9206-2F299D38C0FB}.Release|Any CPU.Build.0 = Release|Any CPU
		{5D0848CB-C879-465D-BC9C-695973D5CBD2}.Debug|Any CPU.ActiveCfg = Debug|Any CPU
		{5D0848CB-C879-465D-BC9C-695973D5CBD2}.Debug|Any CPU.Build.0 = Debug|Any CPU
		{5D0848CB-C879-465D-BC9C-695973D5CBD2}.Release|Any CPU.ActiveCfg = Release|Any CPU
		{5D0848CB-C879-465D-BC9C-695973D5CBD2}.Release|Any CPU.Build.0 = Release|Any CPU
	EndGlobalSection
	GlobalSection(SolutionProperties) = preSolution
		HideSolutionNode = FALSE
	EndGlobalSection
EndGlobal
